// !$*UTF8*$!
{
	archiveVersion = 1;
	classes = {
	};
	objectVersion = 50;
	objects = {

/* Begin PBXBuildFile section */
		4697A49E21993E0A000AD8C9 /* AppDelegate.swift in Sources */ = {isa = PBXBuildFile; fileRef = 4697A49D21993E0A000AD8C9 /* AppDelegate.swift */; };
		4697A4A021993E0A000AD8C9 /* ViewController.swift in Sources */ = {isa = PBXBuildFile; fileRef = 4697A49F21993E0A000AD8C9 /* ViewController.swift */; };
		4697A4A321993E0A000AD8C9 /* Main.storyboard in Resources */ = {isa = PBXBuildFile; fileRef = 4697A4A121993E0A000AD8C9 /* Main.storyboard */; };
		4697A4A521993E0B000AD8C9 /* Assets.xcassets in Resources */ = {isa = PBXBuildFile; fileRef = 4697A4A421993E0B000AD8C9 /* Assets.xcassets */; };
		4697A4A821993E0B000AD8C9 /* LaunchScreen.storyboard in Resources */ = {isa = PBXBuildFile; fileRef = 4697A4A621993E0B000AD8C9 /* LaunchScreen.storyboard */; };
		4697A4B321993E0B000AD8C9 /* SampleProjectTests.swift in Sources */ = {isa = PBXBuildFile; fileRef = 4697A4B221993E0B000AD8C9 /* SampleProjectTests.swift */; };
		4697A4BE21993E0B000AD8C9 /* SampleProjectUITests.swift in Sources */ = {isa = PBXBuildFile; fileRef = 4697A4BD21993E0B000AD8C9 /* SampleProjectUITests.swift */; };
/* End PBXBuildFile section */

/* Begin PBXContainerItemProxy section */
		4697A4AF21993E0B000AD8C9 /* PBXContainerItemProxy */ = {
			isa = PBXContainerItemProxy;
			containerPortal = 4697A49221993E0A000AD8C9 /* Project object */;
			proxyType = 1;
			remoteGlobalIDString = 4697A49921993E0A000AD8C9;
			remoteInfo = SampleProject;
		};
		4697A4BA21993E0B000AD8C9 /* PBXContainerItemProxy */ = {
			isa = PBXContainerItemProxy;
			containerPortal = 4697A49221993E0A000AD8C9 /* Project object */;
			proxyType = 1;
			remoteGlobalIDString = 4697A49921993E0A000AD8C9;
			remoteInfo = SampleProject;
		};
/* End PBXContainerItemProxy section */

/* Begin PBXFileReference section */
		4697A49A21993E0A000AD8C9 /* SampleProject.app */ = {isa = PBXFileReference; explicitFileType = wrapper.application; includeInIndex = 0; path = SampleProject.app; sourceTree = BUILT_PRODUCTS_DIR; };
		4697A49D21993E0A000AD8C9 /* AppDelegate.swift */ = {isa = PBXFileReference; lastKnownFileType = sourcecode.swift; path = AppDelegate.swift; sourceTree = "<group>"; };
		4697A49F21993E0A000AD8C9 /* ViewController.swift */ = {isa = PBXFileReference; lastKnownFileType = sourcecode.swift; path = ViewController.swift; sourceTree = "<group>"; };
		4697A4A221993E0A000AD8C9 /* Base */ = {isa = PBXFileReference; lastKnownFileType = file.storyboard; name = Base; path = Base.lproj/Main.storyboard; sourceTree = "<group>"; };
		4697A4A421993E0B000AD8C9 /* Assets.xcassets */ = {isa = PBXFileReference; lastKnownFileType = folder.assetcatalog; path = Assets.xcassets; sourceTree = "<group>"; };
		4697A4A721993E0B000AD8C9 /* Base */ = {isa = PBXFileReference; lastKnownFileType = file.storyboard; name = Base; path = Base.lproj/LaunchScreen.storyboard; sourceTree = "<group>"; };
		4697A4A921993E0B000AD8C9 /* Info.plist */ = {isa = PBXFileReference; lastKnownFileType = text.plist.xml; path = Info.plist; sourceTree = "<group>"; };
		4697A4AE21993E0B000AD8C9 /* SampleProjectTests.xctest */ = {isa = PBXFileReference; explicitFileType = wrapper.cfbundle; includeInIndex = 0; path = SampleProjectTests.xctest; sourceTree = BUILT_PRODUCTS_DIR; };
		4697A4B221993E0B000AD8C9 /* SampleProjectTests.swift */ = {isa = PBXFileReference; lastKnownFileType = sourcecode.swift; path = SampleProjectTests.swift; sourceTree = "<group>"; };
		4697A4B421993E0B000AD8C9 /* Info.plist */ = {isa = PBXFileReference; lastKnownFileType = text.plist.xml; path = Info.plist; sourceTree = "<group>"; };
		4697A4B921993E0B000AD8C9 /* SampleProjectUITests.xctest */ = {isa = PBXFileReference; explicitFileType = wrapper.cfbundle; includeInIndex = 0; path = SampleProjectUITests.xctest; sourceTree = BUILT_PRODUCTS_DIR; };
		4697A4BD21993E0B000AD8C9 /* SampleProjectUITests.swift */ = {isa = PBXFileReference; lastKnownFileType = sourcecode.swift; path = SampleProjectUITests.swift; sourceTree = "<group>"; };
		4697A4BF21993E0B000AD8C9 /* Info.plist */ = {isa = PBXFileReference; lastKnownFileType = text.plist.xml; path = Info.plist; sourceTree = "<group>"; };
/* End PBXFileReference section */

/* Begin PBXFrameworksBuildPhase section */
		4697A49721993E0A000AD8C9 /* Frameworks */ = {
			isa = PBXFrameworksBuildPhase;
			buildActionMask = 2147483647;
			files = (
			);
			runOnlyForDeploymentPostprocessing = 0;
		};
		4697A4AB21993E0B000AD8C9 /* Frameworks */ = {
			isa = PBXFrameworksBuildPhase;
			buildActionMask = 2147483647;
			files = (
			);
			runOnlyForDeploymentPostprocessing = 0;
		};
		4697A4B621993E0B000AD8C9 /* Frameworks */ = {
			isa = PBXFrameworksBuildPhase;
			buildActionMask = 2147483647;
			files = (
			);
			runOnlyForDeploymentPostprocessing = 0;
		};
/* End PBXFrameworksBuildPhase section */

/* Begin PBXGroup section */
		4697A49121993E0A000AD8C9 = {
			isa = PBXGroup;
			children = (
				4697A49C21993E0A000AD8C9 /* SampleProject */,
				4697A4B121993E0B000AD8C9 /* SampleProjectTests */,
				4697A4BC21993E0B000AD8C9 /* SampleProjectUITests */,
				4697A49B21993E0A000AD8C9 /* Products */,
			);
			sourceTree = "<group>";
		};
		4697A49B21993E0A000AD8C9 /* Products */ = {
			isa = PBXGroup;
			children = (
				4697A49A21993E0A000AD8C9 /* SampleProject.app */,
				4697A4AE21993E0B000AD8C9 /* SampleProjectTests.xctest */,
				4697A4B921993E0B000AD8C9 /* SampleProjectUITests.xctest */,
			);
			name = Products;
			sourceTree = "<group>";
		};
		4697A49C21993E0A000AD8C9 /* SampleProject */ = {
			isa = PBXGroup;
			children = (
				4697A49D21993E0A000AD8C9 /* AppDelegate.swift */,
				4697A49F21993E0A000AD8C9 /* ViewController.swift */,
				4697A4A121993E0A000AD8C9 /* Main.storyboard */,
				4697A4A421993E0B000AD8C9 /* Assets.xcassets */,
				4697A4A621993E0B000AD8C9 /* LaunchScreen.storyboard */,
				4697A4A921993E0B000AD8C9 /* Info.plist */,
			);
			path = SampleProject;
			sourceTree = "<group>";
		};
		4697A4B121993E0B000AD8C9 /* SampleProjectTests */ = {
			isa = PBXGroup;
			children = (
				4697A4B221993E0B000AD8C9 /* SampleProjectTests.swift */,
				4697A4B421993E0B000AD8C9 /* Info.plist */,
			);
			path = SampleProjectTests;
			sourceTree = "<group>";
		};
		4697A4BC21993E0B000AD8C9 /* SampleProjectUITests */ = {
			isa = PBXGroup;
			children = (
				4697A4BD21993E0B000AD8C9 /* SampleProjectUITests.swift */,
				4697A4BF21993E0B000AD8C9 /* Info.plist */,
			);
			path = SampleProjectUITests;
			sourceTree = "<group>";
		};
/* End PBXGroup section */

/* Begin PBXNativeTarget section */
		4697A49921993E0A000AD8C9 /* SampleProject */ = {
			isa = PBXNativeTarget;
			buildConfigurationList = 4697A4C221993E0B000AD8C9 /* Build configuration list for PBXNativeTarget "SampleProject" */;
			buildPhases = (
				4697A49621993E0A000AD8C9 /* Sources */,
				4697A49721993E0A000AD8C9 /* Frameworks */,
				4697A49821993E0A000AD8C9 /* Resources */,
			);
			buildRules = (
			);
			dependencies = (
			);
			name = SampleProject;
			productName = SampleProject;
			productReference = 4697A49A21993E0A000AD8C9 /* SampleProject.app */;
			productType = "com.apple.product-type.application";
		};
		4697A4AD21993E0B000AD8C9 /* SampleProjectTests */ = {
			isa = PBXNativeTarget;
			buildConfigurationList = 4697A4C521993E0B000AD8C9 /* Build configuration list for PBXNativeTarget "SampleProjectTests" */;
			buildPhases = (
				4697A4AA21993E0B000AD8C9 /* Sources */,
				4697A4AB21993E0B000AD8C9 /* Frameworks */,
				4697A4AC21993E0B000AD8C9 /* Resources */,
			);
			buildRules = (
			);
			dependencies = (
				4697A4B021993E0B000AD8C9 /* PBXTargetDependency */,
			);
			name = SampleProjectTests;
			productName = SampleProjectTests;
			productReference = 4697A4AE21993E0B000AD8C9 /* SampleProjectTests.xctest */;
			productType = "com.apple.product-type.bundle.unit-test";
		};
		4697A4B821993E0B000AD8C9 /* SampleProjectUITests */ = {
			isa = PBXNativeTarget;
			buildConfigurationList = 4697A4C821993E0B000AD8C9 /* Build configuration list for PBXNativeTarget "SampleProjectUITests" */;
			buildPhases = (
				4697A4B521993E0B000AD8C9 /* Sources */,
				4697A4B621993E0B000AD8C9 /* Frameworks */,
				4697A4B721993E0B000AD8C9 /* Resources */,
			);
			buildRules = (
			);
			dependencies = (
				4697A4BB21993E0B000AD8C9 /* PBXTargetDependency */,
			);
			name = SampleProjectUITests;
			productName = SampleProjectUITests;
			productReference = 4697A4B921993E0B000AD8C9 /* SampleProjectUITests.xctest */;
			productType = "com.apple.product-type.bundle.ui-testing";
		};
/* End PBXNativeTarget section */

/* Begin PBXProject section */
		4697A49221993E0A000AD8C9 /* Project object */ = {
			isa = PBXProject;
			attributes = {
				LastSwiftUpdateCheck = 1010;
				LastUpgradeCheck = 1010;
				TargetAttributes = {
					4697A49921993E0A000AD8C9 = {
						CreatedOnToolsVersion = 10.1;
					};
					4697A4AD21993E0B000AD8C9 = {
						CreatedOnToolsVersion = 10.1;
						TestTargetID = 4697A49921993E0A000AD8C9;
					};
					4697A4B821993E0B000AD8C9 = {
						CreatedOnToolsVersion = 10.1;
						TestTargetID = 4697A49921993E0A000AD8C9;
					};
				};
			};
			buildConfigurationList = 4697A49521993E0A000AD8C9 /* Build configuration list for PBXProject "SampleProject" */;
			compatibilityVersion = "Xcode 9.3";
			developmentRegion = en;
			hasScannedForEncodings = 0;
			knownRegions = (
				en,
				Base,
			);
			mainGroup = 4697A49121993E0A000AD8C9;
			productRefGroup = 4697A49B21993E0A000AD8C9 /* Products */;
			projectDirPath = "";
			projectRoot = "";
			targets = (
				4697A49921993E0A000AD8C9 /* SampleProject */,
				4697A4AD21993E0B000AD8C9 /* SampleProjectTests */,
				4697A4B821993E0B000AD8C9 /* SampleProjectUITests */,
			);
		};
/* End PBXProject section */

/* Begin PBXResourcesBuildPhase section */
		4697A49821993E0A000AD8C9 /* Resources */ = {
			isa = PBXResourcesBuildPhase;
			buildActionMask = 2147483647;
			files = (
				4697A4A821993E0B000AD8C9 /* LaunchScreen.storyboard in Resources */,
				4697A4A521993E0B000AD8C9 /* Assets.xcassets in Resources */,
				4697A4A321993E0A000AD8C9 /* Main.storyboard in Resources */,
			);
			runOnlyForDeploymentPostprocessing = 0;
		};
		4697A4AC21993E0B000AD8C9 /* Resources */ = {
			isa = PBXResourcesBuildPhase;
			buildActionMask = 2147483647;
			files = (
			);
			runOnlyForDeploymentPostprocessing = 0;
		};
		4697A4B721993E0B000AD8C9 /* Resources */ = {
			isa = PBXResourcesBuildPhase;
			buildActionMask = 2147483647;
			files = (
			);
			runOnlyForDeploymentPostprocessing = 0;
		};
/* End PBXResourcesBuildPhase section */

/* Begin PBXSourcesBuildPhase section */
		4697A49621993E0A000AD8C9 /* Sources */ = {
			isa = PBXSourcesBuildPhase;
			buildActionMask = 2147483647;
			files = (
				4697A4A021993E0A000AD8C9 /* ViewController.swift in Sources */,
				4697A49E21993E0A000AD8C9 /* AppDelegate.swift in Sources */,
			);
			runOnlyForDeploymentPostprocessing = 0;
		};
		4697A4AA21993E0B000AD8C9 /* Sources */ = {
			isa = PBXSourcesBuildPhase;
			buildActionMask = 2147483647;
			files = (
				4697A4B321993E0B000AD8C9 /* SampleProjectTests.swift in Sources */,
			);
			runOnlyForDeploymentPostprocessing = 0;
		};
		4697A4B521993E0B000AD8C9 /* Sources */ = {
			isa = PBXSourcesBuildPhase;
			buildActionMask = 2147483647;
			files = (
				4697A4BE21993E0B000AD8C9 /* SampleProjectUITests.swift in Sources */,
			);
			runOnlyForDeploymentPostprocessing = 0;
		};
/* End PBXSourcesBuildPhase section */

/* Begin PBXTargetDependency section */
		4697A4B021993E0B000AD8C9 /* PBXTargetDependency */ = {
			isa = PBXTargetDependency;
			target = 4697A49921993E0A000AD8C9 /* SampleProject */;
			targetProxy = 4697A4AF21993E0B000AD8C9 /* PBXContainerItemProxy */;
		};
		4697A4BB21993E0B000AD8C9 /* PBXTargetDependency */ = {
			isa = PBXTargetDependency;
			target = 4697A49921993E0A000AD8C9 /* SampleProject */;
			targetProxy = 4697A4BA21993E0B000AD8C9 /* PBXContainerItemProxy */;
		};
/* End PBXTargetDependency section */

/* Begin PBXVariantGroup section */
		4697A4A121993E0A000AD8C9 /* Main.storyboard */ = {
			isa = PBXVariantGroup;
			children = (
				4697A4A221993E0A000AD8C9 /* Base */,
			);
			name = Main.storyboard;
			sourceTree = "<group>";
		};
		4697A4A621993E0B000AD8C9 /* LaunchScreen.storyboard */ = {
			isa = PBXVariantGroup;
			children = (
				4697A4A721993E0B000AD8C9 /* Base */,
			);
			name = LaunchScreen.storyboard;
			sourceTree = "<group>";
		};
/* End PBXVariantGroup section */

/* Begin XCBuildConfiguration section */
		4697A4C021993E0B000AD8C9 /* Debug */ = {
			isa = XCBuildConfiguration;
			buildSettings = {
				ALWAYS_SEARCH_USER_PATHS = NO;
				CLANG_ANALYZER_NONNULL = YES;
				CLANG_ANALYZER_NUMBER_OBJECT_CONVERSION = YES_AGGRESSIVE;
				CLANG_CXX_LANGUAGE_STANDARD = "gnu++14";
				CLANG_CXX_LIBRARY = "libc++";
				CLANG_ENABLE_MODULES = YES;
				CLANG_ENABLE_OBJC_ARC = YES;
				CLANG_ENABLE_OBJC_WEAK = YES;
				CLANG_WARN_BLOCK_CAPTURE_AUTORELEASING = YES;
				CLANG_WARN_BOOL_CONVERSION = YES;
				CLANG_WARN_COMMA = YES;
				CLANG_WARN_CONSTANT_CONVERSION = YES;
				CLANG_WARN_DEPRECATED_OBJC_IMPLEMENTATIONS = YES;
				CLANG_WARN_DIRECT_OBJC_ISA_USAGE = YES_ERROR;
				CLANG_WARN_DOCUMENTATION_COMMENTS = YES;
				CLANG_WARN_EMPTY_BODY = YES;
				CLANG_WARN_ENUM_CONVERSION = YES;
				CLANG_WARN_INFINITE_RECURSION = YES;
				CLANG_WARN_INT_CONVERSION = YES;
				CLANG_WARN_NON_LITERAL_NULL_CONVERSION = YES;
				CLANG_WARN_OBJC_IMPLICIT_RETAIN_SELF = YES;
				CLANG_WARN_OBJC_LITERAL_CONVERSION = YES;
				CLANG_WARN_OBJC_ROOT_CLASS = YES_ERROR;
				CLANG_WARN_RANGE_LOOP_ANALYSIS = YES;
				CLANG_WARN_STRICT_PROTOTYPES = YES;
				CLANG_WARN_SUSPICIOUS_MOVE = YES;
				CLANG_WARN_UNGUARDED_AVAILABILITY = YES_AGGRESSIVE;
				CLANG_WARN_UNREACHABLE_CODE = YES;
				CLANG_WARN__DUPLICATE_METHOD_MATCH = YES;
				CODE_SIGN_IDENTITY = "iPhone Developer";
				COPY_PHASE_STRIP = NO;
				DEBUG_INFORMATION_FORMAT = dwarf;
				ENABLE_STRICT_OBJC_MSGSEND = YES;
				ENABLE_TESTABILITY = YES;
				GCC_C_LANGUAGE_STANDARD = gnu11;
				GCC_DYNAMIC_NO_PIC = NO;
				GCC_NO_COMMON_BLOCKS = YES;
				GCC_OPTIMIZATION_LEVEL = 0;
				GCC_PREPROCESSOR_DEFINITIONS = (
					"DEBUG=1",
					"$(inherited)",
				);
				GCC_WARN_64_TO_32_BIT_CONVERSION = YES;
				GCC_WARN_ABOUT_RETURN_TYPE = YES_ERROR;
				GCC_WARN_UNDECLARED_SELECTOR = YES;
				GCC_WARN_UNINITIALIZED_AUTOS = YES_AGGRESSIVE;
				GCC_WARN_UNUSED_FUNCTION = YES;
				GCC_WARN_UNUSED_VARIABLE = YES;
				IPHONEOS_DEPLOYMENT_TARGET = 12.1;
				MTL_ENABLE_DEBUG_INFO = INCLUDE_SOURCE;
				MTL_FAST_MATH = YES;
				ONLY_ACTIVE_ARCH = YES;
				SDKROOT = iphoneos;
				SWIFT_ACTIVE_COMPILATION_CONDITIONS = DEBUG;
				SWIFT_OPTIMIZATION_LEVEL = "-Onone";
			};
			name = Debug;
		};
		4697A4C121993E0B000AD8C9 /* Release */ = {
			isa = XCBuildConfiguration;
			buildSettings = {
				ALWAYS_SEARCH_USER_PATHS = NO;
				CLANG_ANALYZER_NONNULL = YES;
				CLANG_ANALYZER_NUMBER_OBJECT_CONVERSION = YES_AGGRESSIVE;
				CLANG_CXX_LANGUAGE_STANDARD = "gnu++14";
				CLANG_CXX_LIBRARY = "libc++";
				CLANG_ENABLE_MODULES = YES;
				CLANG_ENABLE_OBJC_ARC = YES;
				CLANG_ENABLE_OBJC_WEAK = YES;
				CLANG_WARN_BLOCK_CAPTURE_AUTORELEASING = YES;
				CLANG_WARN_BOOL_CONVERSION = YES;
				CLANG_WARN_COMMA = YES;
				CLANG_WARN_CONSTANT_CONVERSION = YES;
				CLANG_WARN_DEPRECATED_OBJC_IMPLEMENTATIONS = YES;
				CLANG_WARN_DIRECT_OBJC_ISA_USAGE = YES_ERROR;
				CLANG_WARN_DOCUMENTATION_COMMENTS = YES;
				CLANG_WARN_EMPTY_BODY = YES;
				CLANG_WARN_ENUM_CONVERSION = YES;
				CLANG_WARN_INFINITE_RECURSION = YES;
				CLANG_WARN_INT_CONVERSION = YES;
				CLANG_WARN_NON_LITERAL_NULL_CONVERSION = YES;
				CLANG_WARN_OBJC_IMPLICIT_RETAIN_SELF = YES;
				CLANG_WARN_OBJC_LITERAL_CONVERSION = YES;
				CLANG_WARN_OBJC_ROOT_CLASS = YES_ERROR;
				CLANG_WARN_RANGE_LOOP_ANALYSIS = YES;
				CLANG_WARN_STRICT_PROTOTYPES = YES;
				CLANG_WARN_SUSPICIOUS_MOVE = YES;
				CLANG_WARN_UNGUARDED_AVAILABILITY = YES_AGGRESSIVE;
				CLANG_WARN_UNREACHABLE_CODE = YES;
				CLANG_WARN__DUPLICATE_METHOD_MATCH = YES;
				CODE_SIGN_IDENTITY = "iPhone Developer";
				COPY_PHASE_STRIP = NO;
				DEBUG_INFORMATION_FORMAT = "dwarf-with-dsym";
				ENABLE_NS_ASSERTIONS = NO;
				ENABLE_STRICT_OBJC_MSGSEND = YES;
				GCC_C_LANGUAGE_STANDARD = gnu11;
				GCC_NO_COMMON_BLOCKS = YES;
				GCC_WARN_64_TO_32_BIT_CONVERSION = YES;
				GCC_WARN_ABOUT_RETURN_TYPE = YES_ERROR;
				GCC_WARN_UNDECLARED_SELECTOR = YES;
				GCC_WARN_UNINITIALIZED_AUTOS = YES_AGGRESSIVE;
				GCC_WARN_UNUSED_FUNCTION = YES;
				GCC_WARN_UNUSED_VARIABLE = YES;
				IPHONEOS_DEPLOYMENT_TARGET = 12.1;
				MTL_ENABLE_DEBUG_INFO = NO;
				MTL_FAST_MATH = YES;
				SDKROOT = iphoneos;
				SWIFT_COMPILATION_MODE = wholemodule;
				SWIFT_OPTIMIZATION_LEVEL = "-O";
				VALIDATE_PRODUCT = YES;
			};
			name = Release;
		};
		4697A4C321993E0B000AD8C9 /* Debug */ = {
			isa = XCBuildConfiguration;
			buildSettings = {
				ASSETCATALOG_COMPILER_APPICON_NAME = AppIcon;
				CODE_SIGN_STYLE = Automatic;
				DEVELOPMENT_TEAM = N22A45DZ9C;
				INFOPLIST_FILE = SampleProject/Info.plist;
				LD_RUNPATH_SEARCH_PATHS = (
					"$(inherited)",
					"@executable_path/Frameworks",
				);
				PRODUCT_BUNDLE_IDENTIFIER = co.mitolab.SampleProject;
				PRODUCT_NAME = "$(TARGET_NAME)";
				SWIFT_VERSION = 4.2;
				TARGETED_DEVICE_FAMILY = "1,2";
			};
			name = Debug;
		};
		4697A4C421993E0B000AD8C9 /* Release */ = {
			isa = XCBuildConfiguration;
			buildSettings = {
				ASSETCATALOG_COMPILER_APPICON_NAME = AppIcon;
				CODE_SIGN_STYLE = Automatic;
				DEVELOPMENT_TEAM = N22A45DZ9C;
				INFOPLIST_FILE = SampleProject/Info.plist;
				LD_RUNPATH_SEARCH_PATHS = (
					"$(inherited)",
					"@executable_path/Frameworks",
				);
				PRODUCT_BUNDLE_IDENTIFIER = co.mitolab.SampleProject;
				PRODUCT_NAME = "$(TARGET_NAME)";
				SWIFT_VERSION = 4.2;
				TARGETED_DEVICE_FAMILY = "1,2";
			};
			name = Release;
		};
		4697A4C621993E0B000AD8C9 /* Debug */ = {
			isa = XCBuildConfiguration;
			buildSettings = {
				ALWAYS_EMBED_SWIFT_STANDARD_LIBRARIES = YES;
				BUNDLE_LOADER = "$(TEST_HOST)";
				CODE_SIGN_STYLE = Automatic;
				DEVELOPMENT_TEAM = N22A45DZ9C;
				INFOPLIST_FILE = SampleProjectTests/Info.plist;
				LD_RUNPATH_SEARCH_PATHS = (
					"$(inherited)",
					"@executable_path/Frameworks",
					"@loader_path/Frameworks",
				);
				PRODUCT_BUNDLE_IDENTIFIER = co.mitolab.SampleProjectTests;
				PRODUCT_NAME = "$(TARGET_NAME)";
				SWIFT_VERSION = 4.2;
				TARGETED_DEVICE_FAMILY = "1,2";
				TEST_HOST = "$(BUILT_PRODUCTS_DIR)/SampleProject.app/SampleProject";
			};
			name = Debug;
		};
		4697A4C721993E0B000AD8C9 /* Release */ = {
			isa = XCBuildConfiguration;
			buildSettings = {
				ALWAYS_EMBED_SWIFT_STANDARD_LIBRARIES = YES;
				BUNDLE_LOADER = "$(TEST_HOST)";
				CODE_SIGN_STYLE = Automatic;
				DEVELOPMENT_TEAM = N22A45DZ9C;
				INFOPLIST_FILE = SampleProjectTests/Info.plist;
				LD_RUNPATH_SEARCH_PATHS = (
					"$(inherited)",
					"@executable_path/Frameworks",
					"@loader_path/Frameworks",
				);
				PRODUCT_BUNDLE_IDENTIFIER = co.mitolab.SampleProjectTests;
				PRODUCT_NAME = "$(TARGET_NAME)";
				SWIFT_VERSION = 4.2;
				TARGETED_DEVICE_FAMILY = "1,2";
				TEST_HOST = "$(BUILT_PRODUCTS_DIR)/SampleProject.app/SampleProject";
			};
			name = Release;
		};
		4697A4C921993E0B000AD8C9 /* Debug */ = {
			isa = XCBuildConfiguration;
			buildSettings = {
				ALWAYS_EMBED_SWIFT_STANDARD_LIBRARIES = YES;
				CODE_SIGN_STYLE = Automatic;
				DEVELOPMENT_TEAM = N22A45DZ9C;
				INFOPLIST_FILE = SampleProjectUITests/Info.plist;
				LD_RUNPATH_SEARCH_PATHS = (
					"$(inherited)",
					"@executable_path/Frameworks",
					"@loader_path/Frameworks",
				);
				PRODUCT_BUNDLE_IDENTIFIER = co.mitolab.SampleProjectUITests;
				PRODUCT_NAME = "$(TARGET_NAME)";
				SWIFT_VERSION = 4.2;
				TARGETED_DEVICE_FAMILY = "1,2";
				TEST_TARGET_NAME = SampleProject;
			};
			name = Debug;
		};
		4697A4CA21993E0B000AD8C9 /* Release */ = {
			isa = XCBuildConfiguration;
			buildSettings = {
				ALWAYS_EMBED_SWIFT_STANDARD_LIBRARIES = YES;
				CODE_SIGN_STYLE = Automatic;
				DEVELOPMENT_TEAM = N22A45DZ9C;
				INFOPLIST_FILE = SampleProjectUITests/Info.plist;
				LD_RUNPATH_SEARCH_PATHS = (
					"$(inherited)",
					"@executable_path/Frameworks",
					"@loader_path/Frameworks",
				);
				PRODUCT_BUNDLE_IDENTIFIER = co.mitolab.SampleProjectUITests;
				PRODUCT_NAME = "$(TARGET_NAME)";
				SWIFT_VERSION = 4.2;
				TARGETED_DEVICE_FAMILY = "1,2";
				TEST_TARGET_NAME = SampleProject;
			};
			name = Release;
		};
/* End XCBuildConfiguration section */

/* Begin XCConfigurationList section */
		4697A49521993E0A000AD8C9 /* Build configuration list for PBXProject "SampleProject" */ = {
			isa = XCConfigurationList;
			buildConfigurations = (
				4697A4C021993E0B000AD8C9 /* Debug */,
				4697A4C121993E0B000AD8C9 /* Release */,
			);
			defaultConfigurationIsVisible = 0;
			defaultConfigurationName = Release;
		};
		4697A4C221993E0B000AD8C9 /* Build configuration list for PBXNativeTarget "SampleProject" */ = {
			isa = XCConfigurationList;
			buildConfigurations = (
				4697A4C321993E0B000AD8C9 /* Debug */,
				4697A4C421993E0B000AD8C9 /* Release */,
			);
			defaultConfigurationIsVisible = 0;
			defaultConfigurationName = Release;
		};
		4697A4C521993E0B000AD8C9 /* Build configuration list for PBXNativeTarget "SampleProjectTests" */ = {
			isa = XCConfigurationList;
			buildConfigurations = (
				4697A4C621993E0B000AD8C9 /* Debug */,
				4697A4C721993E0B000AD8C9 /* Release */,
			);
			defaultConfigurationIsVisible = 0;
			defaultConfigurationName = Release;
		};
		4697A4C821993E0B000AD8C9 /* Build configuration list for PBXNativeTarget "SampleProjectUITests" */ = {
			isa = XCConfigurationList;
			buildConfigurations = (
				4697A4C921993E0B000AD8C9 /* Debug */,
				4697A4CA21993E0B000AD8C9 /* Release */,
			);
			defaultConfigurationIsVisible = 0;
			defaultConfigurationName = Release;
		};
/* End XCConfigurationList section */
	};
	rootObject = 4697A49221993E0A000AD8C9 /* Project object */;
}
